github.com/alecthomas/assert/v2 v2.2.0 h1:f6L/b7KE2bfA+9O4FL3CM/xJccDEwPVYd5fALBiuwvw=
github.com/alecthomas/assert/v2 v2.2.0/go.mod h1:b/+1DI2Q6NckYi+3mXyH3wFb8qG37K/DuK80n7WefXA=
github.com/alecthomas/assert/v2 v2.4.1 h1:mwPZod/d35nlaCppr6sFP0rbCL05WH9fIo7lvsf47zo=
github.com/alecthomas/assert/v2 v2.4.1/go.mod h1:fw5suVxB+wfYJ3291t0hRTqtGzFYdSwstnRQdaQx2DM=
github.com/alecthomas/repr v0.1.0 h1:ENn2e1+J3k09gyj2shc0dHr/yjaWSHRlrJ4DPMevDqE=
github.com/alecthomas/repr v0.1.0/go.mod h1:2kn6fqh/zIyPLmm3ugklbEi5hg5wS435eygvNfaDQL8=
github.com/alecthomas/repr v0.3.0 h1:NeYzUPfjjlqHY4KtzgKJiWd6sVq2eNUPTi34PiFGjY8=
github.com/alecthomas/repr v0.3.0/go.mod h1:Fr0507jx4eOXV7AlPV6AVZLYrLIuIeSOWtW57eE/O/4=
github.com/davecgh/go-spew v1.1.1 h1:vj9j/u1bqnvCEfJOwUhtlOARqs3+rkHYY13jYWTU97c=
github.com/davecgh/go-spew v1.1.1/go.mod h1:J7Y8YcW2NihsgmVo/mv3lAwl/skON4iLHjSsI+c5H38=
github.com/hashicorp/errwrap v1.0.0/go.mod h1:YH+1FKiLXxHSkmPseP+kNlulaMuP3n2brvKWEqk/Jc4=
github.com/hashicorp/errwrap v1.1.0 h1:OxrOeh75EUXMY8TBjag2fzXGZ40LB6IKw45YeGUDY2I=
github.com/hashicorp/errwrap v1.1.0/go.mod h1:YH+1FKiLXxHSkmPseP+kNlulaMuP3n2brvKWEqk/Jc4=
github.com/hashicorp/go-multierror v1.1.1 h1:H5DkEtf6CXdFp0N0Em5UCwQpXMWke8IA0+lD48awMYo=
github.com/hashicorp/go-multierror v1.1.1/go.mod h1:iw975J/qwKPdAO1clOe2L8331t/9/fmwbPZ6JB6eMoM=
github.com/hexops/gotextdiff v1.0.3 h1:gitA9+qJrrTCsiCl7+kh75nPqQt1cx4ZkudSTLoUqJM=
github.com/hexops/gotextdiff v1.0.3/go.mod h1:pSWU5MAI3yDq+fZBTazCSJysOMbxWL1BSow5/V2vxeg=
github.com/klauspost/compress v1.17.0 h1:Rnbp4K9EjcDuVuHtd0dgA4qNuv9yKDYKK1ulpJwgrqM=
github.com/klauspost/compress v1.17.0/go.mod h1:ntbaceVETuRiXiv4DpjP66DpAtAGkEQskQzEyD//IeE=
github.com/pierrec/lz4/v4 v4.1.19 h1:tYLzDnjDXh9qIxSTKHwXwOYmm9d887Y7Y1ZkyXYHAN4=
github.com/pierrec/lz4/v4 v4.1.19/go.mod h1:gZWDp/Ze/IJXGXf23ltt2EXimqmTUXEy0GFuRQyBid4=
github.com/twmb/franz-go v1.15.4 h1:qBCkHaiutetnrXjAUWA99D9FEcZVMt2AYwkH3vWEQTw=
github.com/twmb/franz-go v1.15.4/go.mod h1:rC18hqNmfo8TMc1kz7CQmHL74PLNF8KVvhflxiiJZCU=
github.com/twmb/franz-go/pkg/kadm v1.10.0 h1:3oYKNP+e3HGo4GYadrDeRxOaAIsOXmX6LBVMz9PxpCU=
github.com/twmb/franz-go/pkg/kadm v1.10.0/go.mod h1:hUMoV4SRho+2ij/S9cL39JaLsr+XINjn0ZkCdBY2DXc=
github.com/twmb/franz-go/pkg/kmsg v1.7.0 h1:a457IbvezYfA5UkiBvyV3zj0Is3y1i8EJgqjJYoij2E=
github.com/twmb/franz-go/pkg/kmsg v1.7.0/go.mod h1:se9Mjdt0Nwzc9lnjJ0HyDtLyBnaBDAd7pCje47OhSyw=
golang.org/x/crypto v0.17.0 h1:r8bRNjWL3GshPW3gkd+RpvzWrZAwPS49OmTGZ/uhM4k=
golang.org/x/crypto v0.17.0/go.mod h1:gCAAfMLgwOJRpTjQ2zCCt2OcSfYMTeZVSRtQlPC7Nq4=
golang.org/x/exp v0.0.0-20230510235704-dd950f8aeaea h1:vLCWI/yYrdEHyN2JzIzPO3aaQJHQdp89IZBA/+azVC4=
golang.org/x/exp v0.0.0-20230510235704-dd950f8aeaea/go.mod h1:V1LtkGg67GoY2N1AnLN78QLrzxkLyJw7RJb1gzOOz9w=
golang.org/x/sync v0.3.0 h1:ftCYgMx6zT/asHUrPw8BLLscYtGznsLAnjq5RH9P66E=
golang.org/x/sync v0.3.0/go.mod h1:FU7BRWz2tNW+3quACPkgCx/L+uEAv1htQ0V83Z9Rj+Y=
golang.org/x/sync v0.5.0 h1:60k92dhOjHxJkrqnwsfl8KuaHbn/5dl0lUPUklKo3qE=
golang.org/x/sync v0.5.0/go.mod h1:Czt+wKu1gCyEFDUtn0jG5QVvpJ6rzVqr5aXyt9drQfk=
